
Microsoft Visual Studio Solution File, Format Version 12.00
# Visual Studio Version 17
VisualStudioVersion = 17.9.34607.119
MinimumVisualStudioVersion = 10.0.40219.1
Project("{FAE04EC0-301F-11D3-BF4B-00C04F79EFBC}") = "ImageCompressorAzureFunction", "ImageCompressorAzureFunction\ImageCompressorAzureFunction.csproj", "{A7079F4D-54A2-4C03-AFA4-759D898EB3F2}"
EndProject
Global
	GlobalSection(SolutionConfigurationPlatforms) = preSolution
		Debug|Any CPU = Debug|Any CPU
		Release|Any CPU = Release|Any CPU
	EndGlobalSection
	GlobalSection(ProjectConfigurationPlatforms) = postSolution
		{A7079F4D-54A2-4C03-AFA4-759D898EB3F2}.Debug|Any CPU.ActiveCfg = Debug|Any CPU
		{A7079F4D-54A2-4C03-AFA4-759D898EB3F2}.Debug|Any CPU.Build.0 = Debug|Any CPU
		{A7079F4D-54A2-4C03-AFA4-759D898EB3F2}.Release|Any CPU.ActiveCfg = Release|Any CPU
		{A7079F4D-54A2-4C03-AFA4-759D898EB3F2}.Release|Any CPU.Build.0 = Release|Any CPU
	EndGlobalSection
	GlobalSection(SolutionProperties) = preSolution
		HideSolutionNode = FALSE
	EndGlobalSection
	GlobalSection(ExtensibilityGlobals) = postSolution
		SolutionGuid = {7946F3FB-BA38-4B2C-8495-B210D1BFB430}
	EndGlobalSection
EndGlobal
