
Microsoft Visual Studio Solution File, Format Version 12.00
# Visual Studio Version 17
VisualStudioVersion = 17.9.34607.119
MinimumVisualStudioVersion = 10.0.40219.1
Project("{FAE04EC0-301F-11D3-BF4B-00C04F79EFBC}") = "ConsoleServicePrincipalApp", "ConsoleServicePrincipalApp\ConsoleServicePrincipalApp.csproj", "{895FA65E-8694-46FF-ABCE-2522F55B8CED}"
EndProject
Global
	GlobalSection(SolutionConfigurationPlatforms) = preSolution
		Debug|Any CPU = Debug|Any CPU
		Release|Any CPU = Release|Any CPU
	EndGlobalSection
	GlobalSection(ProjectConfigurationPlatforms) = postSolution
		{895FA65E-8694-46FF-ABCE-2522F55B8CED}.Debug|Any CPU.ActiveCfg = Debug|Any CPU
		{895FA65E-8694-46FF-ABCE-2522F55B8CED}.Debug|Any CPU.Build.0 = Debug|Any CPU
		{895FA65E-8694-46FF-ABCE-2522F55B8CED}.Release|Any CPU.ActiveCfg = Release|Any CPU
		{895FA65E-8694-46FF-ABCE-2522F55B8CED}.Release|Any CPU.Build.0 = Release|Any CPU
	EndGlobalSection
	GlobalSection(SolutionProperties) = preSolution
		HideSolutionNode = FALSE
	EndGlobalSection
	GlobalSection(ExtensibilityGlobals) = postSolution
		SolutionGuid = {51EAFD7F-732A-4A6B-918E-5B32D56A64F3}
	EndGlobalSection
EndGlobal
