
Microsoft Visual Studio Solution File, Format Version 12.00
# Visual Studio Version 17
VisualStudioVersion = 17.9.34607.119
MinimumVisualStudioVersion = 10.0.40219.1
Project("{FAE04EC0-301F-11D3-BF4B-00C04F79EFBC}") = "ConsoleQueueSenderApp", "ConsoleQueueSenderApp\ConsoleQueueSenderApp.csproj", "{8F54B1D4-91A6-4C64-9061-9015624353D4}"
EndProject
Global
	GlobalSection(SolutionConfigurationPlatforms) = preSolution
		Debug|Any CPU = Debug|Any CPU
		Release|Any CPU = Release|Any CPU
	EndGlobalSection
	GlobalSection(ProjectConfigurationPlatforms) = postSolution
		{8F54B1D4-91A6-4C64-9061-9015624353D4}.Debug|Any CPU.ActiveCfg = Debug|Any CPU
		{8F54B1D4-91A6-4C64-9061-9015624353D4}.Debug|Any CPU.Build.0 = Debug|Any CPU
		{8F54B1D4-91A6-4C64-9061-9015624353D4}.Release|Any CPU.ActiveCfg = Release|Any CPU
		{8F54B1D4-91A6-4C64-9061-9015624353D4}.Release|Any CPU.Build.0 = Release|Any CPU
	EndGlobalSection
	GlobalSection(SolutionProperties) = preSolution
		HideSolutionNode = FALSE
	EndGlobalSection
	GlobalSection(ExtensibilityGlobals) = postSolution
		SolutionGuid = {E26D6EE4-2097-4391-AF5C-A56F43EA876C}
	EndGlobalSection
EndGlobal
